[[package]]
category = "dev"
description = "A configurable sidebar-enabled Sphinx theme"
name = "alabaster"
optional = false
python-versions = "*"
version = "0.7.12"

[[package]]
category = "dev"
description = "Better dates and times for Python"
name = "arrow"
optional = false
python-versions = "*"
version = "0.12.1"

[package.dependencies]
python-dateutil = "*"

[[package]]
category = "dev"
description = "Internationalization utilities"
name = "babel"
optional = false
python-versions = "*"
version = "2.5.3"

[package.dependencies]
pytz = ">=0a"

[[package]]
category = "dev"
description = "Ultra-lightweight pure Python package to check if a file is binary or text."
name = "binaryornot"
optional = false
python-versions = "*"
version = "0.4.4"

[package.dependencies]
chardet = ">=3.0.2"

[[package]]
category = "dev"
description = "A thin, practical wrapper around terminal coloring, styling, and positioning"
name = "blessings"
optional = false
python-versions = "*"
version = "1.6.1"

[[package]]
category = "dev"
description = "Version-bump your software with a single command!"
name = "bump2version"
optional = false
python-versions = "*"
version = "0.5.10"

[[package]]
category = "dev"
description = "Version-bump your software with a single command!"
name = "bumpversion"
optional = false
python-versions = "*"
version = "0.6.0"

[package.dependencies]
bump2version = "*"

[[package]]
category = "dev"
description = "Python package for providing Mozilla's CA Bundle."
name = "certifi"
optional = false
python-versions = "*"
version = "2020.4.5.1"

[[package]]
category = "dev"
description = "Universal encoding detector for Python 2 and 3"
name = "chardet"
optional = false
python-versions = "*"
version = "3.0.4"

[[package]]
category = "dev"
description = "A simple wrapper around optparse for powerful command line utilities."
name = "click"
optional = false
python-versions = "*"
version = "6.7"

[[package]]
category = "dev"
description = "Cross-platform colored terminal text."
marker = "sys_platform == \"win32\""
name = "colorama"
optional = false
python-versions = "*"
version = "0.3.9"

[[package]]
category = "dev"
description = "A command-line utility that creates projects from project templates, e.g. creating a Python package project from a Python package project template."
name = "cookiecutter"
optional = false
python-versions = "*"
version = "1.6.0"

[package.dependencies]
binaryornot = ">=0.2.0"
click = ">=5.0"
future = ">=0.15.2"
jinja2 = ">=2.7"
jinja2-time = ">=0.1.0"
poyo = ">=0.1.0"
requests = ">=2.18.0"
whichcraft = ">=0.4.0"

[[package]]
category = "dev"
description = "Docutils -- Python Documentation Utilities"
name = "docutils"
optional = false
python-versions = "*"
version = "0.15"

[[package]]
category = "dev"
description = "Python 3.4 Enum backported to 3.3, 3.2, 3.1, 2.7, 2.6, 2.5, and 2.4"
name = "enum34"
optional = false
python-versions = "*"
version = "1.1.10"

[[package]]
category = "dev"
description = "Clean single-source support for Python 3 and 2"
name = "future"
optional = false
python-versions = "*"
version = "0.16.0"

[[package]]
category = "dev"
description = "Internationalized Domain Names in Applications (IDNA)"
name = "idna"
optional = false
python-versions = "*"
version = "2.6"

[[package]]
category = "dev"
description = "Getting image size from png/jpeg/jpeg2000/gif file"
name = "imagesize"
optional = false
python-versions = "*"
version = "1.0.0"

[[package]]
category = "dev"
description = "Common/best-practice Invoke tasks and collections"
name = "invocations"
optional = false
python-versions = "*"
version = "1.4.0"

[package.dependencies]
blessings = ">=1.6,<2"
enum34 = ">=1.1,<2"
invoke = ">=1.0,<2.0"
releases = ">=1.6,<2"
semantic-version = ">=2.4,<3"
tabulate = "0.7.5"
tqdm = ">=4.8.1"

[[package]]
category = "dev"
description = "Pythonic task execution"
name = "invoke"
optional = false
python-versions = "*"
version = "1.4.1"

[[package]]
category = "dev"
description = "A very fast and expressive template engine."
name = "jinja2"
optional = false
python-versions = "*"
version = "2.10.3"

[package.dependencies]
MarkupSafe = ">=0.23"

[package.extras]
i18n = ["Babel (>=0.8)"]

[[package]]
category = "dev"
description = "Jinja2 Extension for Dates and Times"
name = "jinja2-time"
optional = false
python-versions = "*"
version = "0.2.0"

[package.dependencies]
arrow = "*"
jinja2 = "*"

[[package]]
category = "dev"
description = "Implements a XML/HTML/XHTML Markup safe string for Python"
name = "markupsafe"
optional = false
python-versions = "*"
version = "1.0"

[[package]]
category = "dev"
description = "Core utilities for Python packages"
name = "packaging"
optional = false
python-versions = "*"
version = "16.8"

[package.dependencies]
pyparsing = "*"
six = "*"

[[package]]
category = "dev"
description = "plugin and hook calling mechanisms for python"
name = "pluggy"
optional = false
python-versions = "*"
version = "0.5.2"

[[package]]
category = "dev"
description = "A lightweight YAML Parser for Python"
name = "poyo"
optional = false
python-versions = "*"
version = "0.4.2"

[[package]]
category = "dev"
description = "library with cross-python path, ini-parsing, io, code, log facilities"
name = "py"
optional = false
python-versions = "*"
version = "1.4.34"

[[package]]
category = "dev"
description = "Pygments is a syntax highlighting package written in Python."
name = "pygments"
optional = false
python-versions = "*"
version = "2.3.1"

[[package]]
category = "dev"
description = "Python parsing module"
name = "pyparsing"
optional = false
python-versions = "*"
version = "2.3.1"

[[package]]
category = "dev"
description = "pytest: simple powerful testing with Python"
name = "pytest"
optional = false
python-versions = "*"
version = "3.2.5"

[package.dependencies]
colorama = "*"
py = ">=1.4.33"
setuptools = "*"

[[package]]
category = "dev"
description = "A Pytest plugin for your Cookiecutter templates"
name = "pytest-cookies"
optional = false
python-versions = "*"
version = "0.3.0"

[package.dependencies]
cookiecutter = ">=1.4.0"
pytest = ">=2.8.1"

[[package]]
category = "dev"
description = "Extensions to the standard Python datetime module"
name = "python-dateutil"
optional = false
python-versions = "*"
version = "2.6.1"

[package.dependencies]
six = ">=1.5"

[[package]]
category = "dev"
description = "World timezone definitions, modern and historical"
name = "pytz"
optional = false
python-versions = "*"
version = "2020.1"

[[package]]
category = "dev"
description = "YAML parser and emitter for Python"
name = "pyyaml"
optional = false
python-versions = "*"
version = "3.13"

[[package]]
category = "dev"
description = "A Sphinx extension for changelog manipulation"
name = "releases"
optional = false
python-versions = "*"
version = "1.6.3"

[package.dependencies]
semantic-version = "<2.7"
sphinx = ">=1.3"

[[package]]
category = "dev"
description = "Python HTTP for Humans."
name = "requests"
optional = false
python-versions = "*"
version = "2.18.4"

[package.dependencies]
certifi = ">=2017.4.17"
chardet = ">=3.0.2,<3.1.0"
idna = ">=2.5,<2.7"
urllib3 = ">=1.21.1,<1.23"

[package.extras]
security = ["cryptography (>=1.3.4)", "idna (>=2.0.0)", "pyOpenSSL (>=0.14)"]
socks = ["PySocks (>=1.5.6,<1.5.7 || >1.5.7)", "win-inet-pton"]

[[package]]
category = "dev"
description = "A library implementing the 'SemVer' scheme."
name = "semantic-version"
optional = false
python-versions = "*"
version = "2.6.0"

[[package]]
category = "dev"
description = "Python 2 and 3 compatibility utilities"
name = "six"
optional = false
python-versions = "*"
version = "1.11.0"

[[package]]
category = "dev"
description = "This package provides 26 stemmers for 25 languages generated from Snowball algorithms."
name = "snowballstemmer"
optional = false
python-versions = "*"
version = "2.0.0"

[[package]]
category = "dev"
description = "Python documentation generator"
name = "sphinx"
optional = false
python-versions = "*"
version = "1.7.1"

[package.dependencies]
Jinja2 = ">=2.3"
Pygments = ">=2.0"
alabaster = ">=0.7,<0.8"
babel = ">=1.3,<2.0 || >2.0"
colorama = ">=0.3.5"
docutils = ">=0.11"
imagesize = "*"
packaging = "*"
requests = ">=2.0.0"
setuptools = "*"
six = ">=1.5"
snowballstemmer = ">=1.1"
sphinxcontrib-websupport = "*"

[package.dependencies.typing]
python = "<3.5"
version = "*"

[package.extras]
test = ["mock", "pytest", "pytest-cov", "html5lib", "flake8 (>=3.5.0)", "flake8-import-order", "enum34", "mypy", "typed-ast"]
websupport = ["sqlalchemy (>=0.9)", "whoosh (>=2.0)"]

[[package]]
category = "dev"
description = "Read the Docs theme for Sphinx"
name = "sphinx-rtd-theme"
optional = false
python-versions = "*"
version = "0.4.3"

[package.dependencies]
sphinx = "*"

[[package]]
category = "dev"
description = "Sphinx API for Web Apps"
name = "sphinxcontrib-websupport"
optional = false
python-versions = "*"
version = "1.0.1"

[package.extras]
test = ["mock", "pytest"]

[[package]]
category = "dev"
description = "Pretty-print tabular data"
name = "tabulate"
optional = false
python-versions = "*"
version = "0.7.5"

[[package]]
category = "dev"
description = "virtualenv-based automation of test activities"
name = "tox"
optional = false
python-versions = "*"
version = "2.9.1"

[package.dependencies]
pluggy = ">=0.3.0,<1.0"
py = ">=1.4.17"
six = "*"

[package.dependencies.virtualenv]
python = "<3.2.0 || >=3.3.0"
version = ">=1.11.2"

[[package]]
category = "dev"
description = "Fast, Extensible Progress Meter"
name = "tqdm"
optional = false
python-versions = "*"
version = "4.23.3"

[[package]]
category = "dev"
description = "Type Hints for Python"
marker = "python_version < \"3.5\""
name = "typing"
optional = false
python-versions = "*"
version = "3.7.4.1"

[[package]]
category = "dev"
description = "HTTP library with thread-safe connection pooling, file post, and more."
name = "urllib3"
optional = false
python-versions = "*"
version = "1.22"

[package.extras]
secure = ["pyOpenSSL (>=0.14)", "cryptography (>=1.3.4)", "idna (>=2.0.0)", "certifi", "ipaddress"]
socks = ["PySocks (>=1.5.6,<1.5.7 || >1.5.7,<2.0)"]

[[package]]
category = "dev"
description = "Virtual Python Environment builder"
marker = "python_version != \"3.2\""
name = "virtualenv"
optional = false
python-versions = "*"
version = "15.2.0"

[[package]]
category = "dev"
description = "This package provides cross-platform cross-python shutil.which functionality."
name = "whichcraft"
optional = false
python-versions = "*"
version = "0.6.1"

[metadata]
content-hash = "b6b2093f3e5d855b136b8231975f6875a749259b7ed97ad6c01300557090896c"
python-versions = "==3"

[metadata.files]
alabaster = [
    {file = "alabaster-0.7.12-py2.py3-none-any.whl", hash = "sha256:446438bdcca0e05bd45ea2de1668c1d9b032e1a9154c2c259092d77031ddd359"},
    {file = "alabaster-0.7.12.tar.gz", hash = "sha256:a661d72d58e6ea8a57f7a86e37d86716863ee5e92788398526d58b26a4e4dc02"},
]
arrow = [
    {file = "arrow-0.12.1.tar.gz", hash = "sha256:a558d3b7b6ce7ffc74206a86c147052de23d3d4ef0e17c210dd478c53575c4cd"},
]
babel = [
    {file = "Babel-2.5.3-py2.py3-none-any.whl", hash = "sha256:ad209a68d7162c4cff4b29cdebe3dec4cef75492df501b0049a9433c96ce6f80"},
    {file = "Babel-2.5.3.tar.gz", hash = "sha256:8ce4cb6fdd4393edd323227cba3a077bceb2a6ce5201c902c65e730046f41f14"},
]
binaryornot = [
    {file = "binaryornot-0.4.4-py2.py3-none-any.whl", hash = "sha256:b8b71173c917bddcd2c16070412e369c3ed7f0528926f70cac18a6c97fd563e4"},
    {file = "binaryornot-0.4.4.tar.gz", hash = "sha256:359501dfc9d40632edc9fac890e19542db1a287bbcfa58175b66658392018061"},
]
blessings = [
    {file = "blessings-1.6.1-py2-none-any.whl", hash = "sha256:26dbaf2f89c3e6dee11c10f7c0b85756ed75cf602b1bb7935b4efd8ed67a000f"},
    {file = "blessings-1.6.1-py3-none-any.whl", hash = "sha256:466e43ff45723b272311de0437649df464b33b4daba7a54c69493212958e19c7"},
    {file = "blessings-1.6.1.tar.gz", hash = "sha256:74919575885552e14bc24a68f8b539690bd1b5629180faa830b1a25b8c7fb6ea"},
]
bump2version = [
    {file = "bump2version-0.5.10-py2.py3-none-any.whl", hash = "sha256:185abfd0d8321ec5059424d8b670aa82f7385948ff7ddd986981b4ed04dc819a"},
]
bumpversion = [
    {file = "bumpversion-0.6.0-py2.py3-none-any.whl", hash = "sha256:4eb3267a38194d09f048a2179980bb4803701969bff2c85fa8f6d1ce050be15e"},
    {file = "bumpversion-0.6.0.tar.gz", hash = "sha256:4ba55e4080d373f80177b4dabef146c07ce73c7d1377aabf9d3c3ae1f94584a6"},
]
certifi = [
    {file = "certifi-2020.4.5.1-py2.py3-none-any.whl", hash = "sha256:1d987a998c75633c40847cc966fcf5904906c920a7f17ef374f5aa4282abd304"},
    {file = "certifi-2020.4.5.1.tar.gz", hash = "sha256:51fcb31174be6e6664c5f69e3e1691a2d72a1a12e90f872cbdb1567eb47b6519"},
]
chardet = [
    {file = "chardet-3.0.4-py2.py3-none-any.whl", hash = "sha256:fc323ffcaeaed0e0a02bf4d117757b98aed530d9ed4531e3e15460124c106691"},
    {file = "chardet-3.0.4.tar.gz", hash = "sha256:84ab92ed1c4d4f16916e05906b6b75a6c0fb5db821cc65e70cbd64a3e2a5eaae"},
]
click = [
    {file = "click-6.7-py2.py3-none-any.whl", hash = "sha256:29f99fc6125fbc931b758dc053b3114e55c77a6e4c6c3a2674a2dc986016381d"},
    {file = "click-6.7.tar.gz", hash = "sha256:f15516df478d5a56180fbf80e68f206010e6d160fc39fa508b65e035fd75130b"},
]
colorama = [
    {file = "colorama-0.3.9-py2.py3-none-any.whl", hash = "sha256:463f8483208e921368c9f306094eb6f725c6ca42b0f97e313cb5d5512459feda"},
    {file = "colorama-0.3.9.tar.gz", hash = "sha256:48eb22f4f8461b1df5734a074b57042430fb06e1d61bd1e11b078c0fe6d7a1f1"},
]
cookiecutter = [
    {file = "cookiecutter-1.6.0-py2.py3-none-any.whl", hash = "sha256:ed8f54a8fc79b6864020d773ce11539b5f08e4617f353de1f22d23226f6a0d36"},
    {file = "cookiecutter-1.6.0.tar.gz", hash = "sha256:1316a52e1c1f08db0c9efbf7d876dbc01463a74b155a0d83e722be88beda9a3e"},
]
docutils = [
    {file = "docutils-0.15-py3-none-any.whl", hash = "sha256:d2ddba74835cb090a1b627d3de4e7835c628d07ee461f7b4480f51af2fe4d448"},
    {file = "docutils-0.15.post1-py2-none-any.whl", hash = "sha256:ba4584f9107571ced0d2c7f56a5499c696215ba90797849c92d395979da68521"},
    {file = "docutils-0.15.tar.gz", hash = "sha256:54a349c622ff31c91cbec43b0b512f113b5b24daf00e2ea530bb1bd9aac14849"},
]
enum34 = [
    {file = "enum34-1.1.10-py2-none-any.whl", hash = "sha256:a98a201d6de3f2ab3db284e70a33b0f896fbf35f8086594e8c9e74b909058d53"},
    {file = "enum34-1.1.10-py3-none-any.whl", hash = "sha256:c3858660960c984d6ab0ebad691265180da2b43f07e061c0f8dca9ef3cffd328"},
    {file = "enum34-1.1.10.tar.gz", hash = "sha256:cce6a7477ed816bd2542d03d53db9f0db935dd013b70f336a95c73979289f248"},
]
future = [
    {file = "future-0.16.0.tar.gz", hash = "sha256:e39ced1ab767b5936646cedba8bcce582398233d6a627067d4c6a454c90cfedb"},
]
idna = [
    {file = "idna-2.6-py2.py3-none-any.whl", hash = "sha256:8c7309c718f94b3a625cb648ace320157ad16ff131ae0af362c9f21b80ef6ec4"},
    {file = "idna-2.6.tar.gz", hash = "sha256:2c6a5de3089009e3da7c5dde64a141dbc8551d5b7f6cf4ed7c2568d0cc520a8f"},
]
imagesize = [
    {file = "imagesize-1.0.0-py2.py3-none-any.whl", hash = "sha256:3620cc0cadba3f7475f9940d22431fc4d407269f1be59ec9b8edcca26440cf18"},
    {file = "imagesize-1.0.0.tar.gz", hash = "sha256:5b326e4678b6925158ccc66a9fa3122b6106d7c876ee32d7de6ce59385b96315"},
]
invocations = [
    {file = "invocations-1.4.0-py2.py3-none-any.whl", hash = "sha256:027f7e2dc3351999c99981c9fc7f70840e966aba7b866d8838bd1959432a1300"},
    {file = "invocations-1.4.0.tar.gz", hash = "sha256:b0b5e8c2a62b7b4267a31ff0c2ae4544fd97dcc70ac6081400f4fb530261a07c"},
]
invoke = [
    {file = "invoke-1.4.1-py2-none-any.whl", hash = "sha256:93e12876d88130c8e0d7fd6618dd5387d6b36da55ad541481dfa5e001656f134"},
    {file = "invoke-1.4.1-py3-none-any.whl", hash = "sha256:87b3ef9d72a1667e104f89b159eaf8a514dbf2f3576885b2bbdefe74c3fb2132"},
    {file = "invoke-1.4.1.tar.gz", hash = "sha256:de3f23bfe669e3db1085789fd859eb8ca8e0c5d9c20811e2407fa042e8a5e15d"},
]
jinja2 = [
    {file = "Jinja2-2.10.3-py2.py3-none-any.whl", hash = "sha256:74320bb91f31270f9551d46522e33af46a80c3d619f4a4bf42b3164d30b5911f"},
    {file = "Jinja2-2.10.3.tar.gz", hash = "sha256:9fe95f19286cfefaa917656583d020be14e7859c6b0252588391e47db34527de"},
]
jinja2-time = [
    {file = "jinja2-time-0.2.0.tar.gz", hash = "sha256:d14eaa4d315e7688daa4969f616f226614350c48730bfa1692d2caebd8c90d40"},
    {file = "jinja2_time-0.2.0-py2.py3-none-any.whl", hash = "sha256:d3eab6605e3ec8b7a0863df09cc1d23714908fa61aa6986a845c20ba488b4efa"},
]
markupsafe = [
    {file = "MarkupSafe-1.0.tar.gz", hash = "sha256:a6be69091dac236ea9c6bc7d012beab42010fa914c459791d627dad4910eb665"},
]
packaging = [
    {file = "packaging-16.8-py2.py3-none-any.whl", hash = "sha256:99276dc6e3a7851f32027a68f1095cd3f77c148091b092ea867a351811cfe388"},
    {file = "packaging-16.8.tar.gz", hash = "sha256:5d50835fdf0a7edf0b55e311b7c887786504efea1177abd7e69329a8e5ea619e"},
]
pluggy = [
    {file = "pluggy-0.5.2-py2.py3-none-any.whl", hash = "sha256:cab5800ece3d679358782c4d674be9912f52918bc919888b228fdf5705fcd067"},
    {file = "pluggy-0.5.2.tar.gz", hash = "sha256:bd60171dbb250fdebafad46ed16d97065369da40568ae948ef7117eee8536e94"},
]
poyo = [
    {file = "poyo-0.4.2-py2.py3-none-any.whl", hash = "sha256:d1c317054145a6b1ca0608b5e676b943ddc3bfd671f886a2fe09288b98221edb"},
    {file = "poyo-0.4.2.tar.gz", hash = "sha256:c34a5413191210ed564640510e9c4a4ba3b698746d6b454d46eb5bfb30edcd1d"},
]
py = [
    {file = "py-1.4.34-py2.py3-none-any.whl", hash = "sha256:2ccb79b01769d99115aa600d7eed99f524bf752bba8f041dc1c184853514655a"},
    {file = "py-1.4.34.tar.gz", hash = "sha256:0f2d585d22050e90c7d293b6451c83db097df77871974d90efd5a30dc12fcde3"},
]
pygments = [
    {file = "Pygments-2.3.1-py2.py3-none-any.whl", hash = "sha256:e8218dd399a61674745138520d0d4cf2621d7e032439341bc3f647bff125818d"},
    {file = "Pygments-2.3.1.tar.gz", hash = "sha256:5ffada19f6203563680669ee7f53b64dabbeb100eb51b61996085e99c03b284a"},
]
pyparsing = [
    {file = "pyparsing-2.3.1-py2.py3-none-any.whl", hash = "sha256:f6c5ef0d7480ad048c054c37632c67fca55299990fff127850181659eea33fc3"},
    {file = "pyparsing-2.3.1.tar.gz", hash = "sha256:66c9268862641abcac4a96ba74506e594c884e3f57690a696d21ad8210ed667a"},
]
pytest = [
    {file = "pytest-3.2.5-py2.py3-none-any.whl", hash = "sha256:241d7e7798d79192a123ceaf64c602b4d233eacf6d6e42ae27caa97f498b7dc6"},
    {file = "pytest-3.2.5.tar.gz", hash = "sha256:6d5bd4f7113b444c55a3bbb5c738a3dd80d43563d063fc42dcb0aaefbdd78b81"},
]
pytest-cookies = [
    {file = "pytest-cookies-0.3.0.tar.gz", hash = "sha256:7054b5abd87704c3769b46deb65c332fadba80905d4103b0b1e0b4fe8a9a852a"},
    {file = "pytest_cookies-0.3.0-py2.py3-none-any.whl", hash = "sha256:a6f37393b697eb3357625a5c226888d9dd020cca3d112b38c630467ce9ff7844"},
]
python-dateutil = [
    {file = "python-dateutil-2.6.1.tar.gz", hash = "sha256:891c38b2a02f5bb1be3e4793866c8df49c7d19baabf9c1bad62547e0b4866aca"},
    {file = "python_dateutil-2.6.1-py2.py3-none-any.whl", hash = "sha256:95511bae634d69bc7329ba55e646499a842bc4ec342ad54a8cdb65645a0aad3c"},
]
pytz = [
    {file = "pytz-2020.1-py2.py3-none-any.whl", hash = "sha256:a494d53b6d39c3c6e44c3bec237336e14305e4f29bbf800b599253057fbb79ed"},
    {file = "pytz-2020.1.tar.gz", hash = "sha256:c35965d010ce31b23eeb663ed3cc8c906275d6be1a34393a1d73a41febf4a048"},
]
pyyaml = [
    {file = "PyYAML-3.13-cp27-cp27m-win32.whl", hash = "sha256:d5eef459e30b09f5a098b9cea68bebfeb268697f78d647bd255a085371ac7f3f"},
    {file = "PyYAML-3.13-cp27-cp27m-win_amd64.whl", hash = "sha256:e01d3203230e1786cd91ccfdc8f8454c8069c91bee3962ad93b87a4b2860f537"},
    {file = "PyYAML-3.13-cp34-cp34m-win32.whl", hash = "sha256:558dd60b890ba8fd982e05941927a3911dc409a63dcb8b634feaa0cda69330d3"},
    {file = "PyYAML-3.13-cp34-cp34m-win_amd64.whl", hash = "sha256:d46d7982b62e0729ad0175a9bc7e10a566fc07b224d2c79fafb5e032727eaa04"},
    {file = "PyYAML-3.13-cp35-cp35m-win32.whl", hash = "sha256:a7c28b45d9f99102fa092bb213aa12e0aaf9a6a1f5e395d36166639c1f96c3a1"},
    {file = "PyYAML-3.13-cp35-cp35m-win_amd64.whl", hash = "sha256:bc558586e6045763782014934bfaf39d48b8ae85a2713117d16c39864085c613"},
    {file = "PyYAML-3.13-cp36-cp36m-win32.whl", hash = "sha256:40c71b8e076d0550b2e6380bada1f1cd1017b882f7e16f09a65be98e017f211a"},
    {file = "PyYAML-3.13-cp36-cp36m-win_amd64.whl", hash = "sha256:3d7da3009c0f3e783b2c873687652d83b1bbfd5c88e9813fb7e5b03c0dd3108b"},
    {file = "PyYAML-3.13-cp37-cp37m-win32.whl", hash = "sha256:e170a9e6fcfd19021dd29845af83bb79236068bf5fd4df3327c1be18182b2531"},
    {file = "PyYAML-3.13-cp37-cp37m-win_amd64.whl", hash = "sha256:aa7dd4a6a427aed7df6fb7f08a580d68d9b118d90310374716ae90b710280af1"},
    {file = "PyYAML-3.13.tar.gz", hash = "sha256:3ef3092145e9b70e3ddd2c7ad59bdd0252a94dfe3949721633e41344de00a6bf"},
]
releases = [
    {file = "releases-1.6.3-py2.py3-none-any.whl", hash = "sha256:cb3435ba372a6807433800fbe473760cfa781171513f670f3c4b76983ac80f18"},
    {file = "releases-1.6.3.tar.gz", hash = "sha256:555ae4c97a671a420281c1c782e9236be25157b449fdf20b4c4b293fe93db2f1"},
]
requests = [
    {file = "requests-2.18.4-py2.py3-none-any.whl", hash = "sha256:6a1b267aa90cac58ac3a765d067950e7dbbf75b1da07e895d1f594193a40a38b"},
    {file = "requests-2.18.4.tar.gz", hash = "sha256:9c443e7324ba5b85070c4a818ade28bfabedf16ea10206da1132edaa6dda237e"},
]
semantic-version = [
    {file = "semantic_version-2.6.0-py3-none-any.whl", hash = "sha256:2d06ab7372034bcb8b54f2205370f4aa0643c133b7e6dbd129c5200b83ab394b"},
    {file = "semantic_version-2.6.0.tar.gz", hash = "sha256:2a4328680073e9b243667b201119772aefc5fc63ae32398d6afafff07c4f54c0"},
]
six = [
    {file = "six-1.11.0-py2.py3-none-any.whl", hash = "sha256:832dc0e10feb1aa2c68dcc57dbb658f1c7e65b9b61af69048abc87a2db00a0eb"},
    {file = "six-1.11.0.tar.gz", hash = "sha256:70e8a77beed4562e7f14fe23a786b54f6296e34344c23bc42f07b15018ff98e9"},
]
snowballstemmer = [
    {file = "snowballstemmer-2.0.0-py2.py3-none-any.whl", hash = "sha256:209f257d7533fdb3cb73bdbd24f436239ca3b2fa67d56f6ff88e86be08cc5ef0"},
    {file = "snowballstemmer-2.0.0.tar.gz", hash = "sha256:df3bac3df4c2c01363f3dd2cfa78cce2840a79b9f1c2d2de9ce8d31683992f52"},
]
sphinx = [
    {file = "Sphinx-1.7.1-py2.py3-none-any.whl", hash = "sha256:41ae26acc6130ccf6ed47e5cca73742b80d55a134f0ab897c479bba8d3640b8e"},
    {file = "Sphinx-1.7.1.tar.gz", hash = "sha256:da987de5fcca21a4acc7f67a86a363039e67ac3e8827161e61b91deb131c0ee8"},
]
sphinx-rtd-theme = [
    {file = "sphinx_rtd_theme-0.4.3-py2.py3-none-any.whl", hash = "sha256:00cf895504a7895ee433807c62094cf1e95f065843bf3acd17037c3e9a2becd4"},
    {file = "sphinx_rtd_theme-0.4.3.tar.gz", hash = "sha256:728607e34d60456d736cc7991fd236afb828b21b82f956c5ea75f94c8414040a"},
]
sphinxcontrib-websupport = [
    {file = "sphinxcontrib-websupport-1.0.1.tar.gz", hash = "sha256:7a85961326aa3a400cd4ad3c816d70ed6f7c740acd7ce5d78cd0a67825072eb9"},
    {file = "sphinxcontrib_websupport-1.0.1-py2.py3-none-any.whl", hash = "sha256:f4932e95869599b89bf4f80fc3989132d83c9faa5bf633e7b5e0c25dffb75da2"},
]
tabulate = [
    {file = "tabulate-0.7.5.tar.gz", hash = "sha256:9071aacbd97a9a915096c1aaf0dc684ac2672904cd876db5904085d6dac9810e"},
]
tox = [
    {file = "tox-2.9.1-py2.py3-none-any.whl", hash = "sha256:8af30fd835a11f3ff8e95176ccba5a4e60779df4d96a9dfefa1a1704af263225"},
    {file = "tox-2.9.1.tar.gz", hash = "sha256:752f5ec561c6c08c5ecb167d3b20f4f4ffc158c0ab78855701a75f5cef05f4b8"},
]
tqdm = [
    {file = "tqdm-4.23.3-py2.py3-none-any.whl", hash = "sha256:9fc19da10d7c962613cbcb9cdced41230deb31d9e20332da84c96917ff534281"},
    {file = "tqdm-4.23.3.tar.gz", hash = "sha256:ce205451a27b6050faed0bb2bcbea96c6a550f8c27cd2b5441d72e948113ad18"},
]
typing = [
    {file = "typing-3.7.4.1-py2-none-any.whl", hash = "sha256:c8cabb5ab8945cd2f54917be357d134db9cc1eb039e59d1606dc1e60cb1d9d36"},
    {file = "typing-3.7.4.1-py3-none-any.whl", hash = "sha256:f38d83c5a7a7086543a0f649564d661859c5146a85775ab90c0d2f93ffaa9714"},
    {file = "typing-3.7.4.1.tar.gz", hash = "sha256:91dfe6f3f706ee8cc32d38edbbf304e9b7583fb37108fef38229617f8b3eba23"},
]
urllib3 = [
    {file = "urllib3-1.22-py2.py3-none-any.whl", hash = "sha256:06330f386d6e4b195fbfc736b297f58c5a892e4440e54d294d7004e3a9bbea1b"},
    {file = "urllib3-1.22.tar.gz", hash = "sha256:cc44da8e1145637334317feebd728bd869a35285b93cbb4cca2577da7e62db4f"},
]
virtualenv = [
    {file = "virtualenv-15.2.0-py2.py3-none-any.whl", hash = "sha256:e8e05d4714a1c51a2f5921e62f547fcb0f713ebbe959e0a7f585cc8bef71d11f"},
    {file = "virtualenv-15.2.0.tar.gz", hash = "sha256:1d7e241b431e7afce47e77f8843a276f652699d1fa4f93b9d8ce0076fd7b0b54"},
]
whichcraft = [
    {file = "whichcraft-0.6.1-py2.py3-none-any.whl", hash = "sha256:deda9266fbb22b8c64fd3ee45c050d61139cd87419765f588e37c8d23e236dd9"},
    {file = "whichcraft-0.6.1.tar.gz", hash = "sha256:acdbb91b63d6a15efbd6430d1d7b2d36e44a71697e93e19b7ded477afd9fce87"},
]
